// !$*UTF8*$!
{
	archiveVersion = 1;
	classes = {
	};
	objectVersion = 46;
	objects = {

/* Begin PBXBuildFile section */
		5535DFBE18D7E01400DA2CCC /* Foundation.framework in Frameworks */ = {isa = PBXBuildFile; fileRef = 5535DFBD18D7E01400DA2CCC /* Foundation.framework */; };
		5535DFC018D7E01400DA2CCC /* CoreGraphics.framework in Frameworks */ = {isa = PBXBuildFile; fileRef = 5535DFBF18D7E01400DA2CCC /* CoreGraphics.framework */; };
		5535DFC218D7E01400DA2CCC /* UIKit.framework in Frameworks */ = {isa = PBXBuildFile; fileRef = 5535DFC118D7E01400DA2CCC /* UIKit.framework */; };
		5535DFC418D7E01400DA2CCC /* CoreData.framework in Frameworks */ = {isa = PBXBuildFile; fileRef = 5535DFC318D7E01400DA2CCC /* CoreData.framework */; };
		5535DFCA18D7E01400DA2CCC /* InfoPlist.strings in Resources */ = {isa = PBXBuildFile; fileRef = 5535DFC818D7E01400DA2CCC /* InfoPlist.strings */; };
		5535DFCC18D7E01400DA2CCC /* main.m in Sources */ = {isa = PBXBuildFile; fileRef = 5535DFCB18D7E01400DA2CCC /* main.m */; };
		5535DFD018D7E01400DA2CCC /* AppDelegate.m in Sources */ = {isa = PBXBuildFile; fileRef = 5535DFCF18D7E01400DA2CCC /* AppDelegate.m */; };
		5535DFD518D7E01400DA2CCC /* Images.xcassets in Resources */ = {isa = PBXBuildFile; fileRef = 5535DFD418D7E01400DA2CCC /* Images.xcassets */; };
		5535DFDC18D7E01400DA2CCC /* XCTest.framework in Frameworks */ = {isa = PBXBuildFile; fileRef = 5535DFDB18D7E01400DA2CCC /* XCTest.framework */; };
		5535DFDD18D7E01400DA2CCC /* Foundation.framework in Frameworks */ = {isa = PBXBuildFile; fileRef = 5535DFBD18D7E01400DA2CCC /* Foundation.framework */; };
		5535DFDE18D7E01400DA2CCC /* UIKit.framework in Frameworks */ = {isa = PBXBuildFile; fileRef = 5535DFC118D7E01400DA2CCC /* UIKit.framework */; };
		5535DFDF18D7E01400DA2CCC /* CoreData.framework in Frameworks */ = {isa = PBXBuildFile; fileRef = 5535DFC318D7E01400DA2CCC /* CoreData.framework */; };
		5535DFE718D7E01400DA2CCC /* InfoPlist.strings in Resources */ = {isa = PBXBuildFile; fileRef = 5535DFE518D7E01400DA2CCC /* InfoPlist.strings */; };
		5535DFE918D7E01400DA2CCC /* Top_PlacesTests.m in Sources */ = {isa = PBXBuildFile; fileRef = 5535DFE818D7E01400DA2CCC /* Top_PlacesTests.m */; };
		5535DFFA18D7E10200DA2CCC /* FlickrFetcher.m in Sources */ = {isa = PBXBuildFile; fileRef = 5535DFF918D7E10200DA2CCC /* FlickrFetcher.m */; };
		5535DFFC18D7EC5C00DA2CCC /* main.storyboard in Resources */ = {isa = PBXBuildFile; fileRef = 5535DFFB18D7EC5C00DA2CCC /* main.storyboard */; };
		5535DFFE18D7EC6B00DA2CCC /* main_ipad.storyboard in Resources */ = {isa = PBXBuildFile; fileRef = 5535DFFD18D7EC6B00DA2CCC /* main_ipad.storyboard */; };
		5535E00118D7ECE800DA2CCC /* TopPlacesViewController.m in Sources */ = {isa = PBXBuildFile; fileRef = 5535E00018D7ECE800DA2CCC /* TopPlacesViewController.m */; };
		5535E00418D7ED1500DA2CCC /* MostRecentViewController.m in Sources */ = {isa = PBXBuildFile; fileRef = 5535E00318D7ED1500DA2CCC /* MostRecentViewController.m */; };
		5535E01318D80FFA00DA2CCC /* PhotoListViewController.m in Sources */ = {isa = PBXBuildFile; fileRef = 5535E01218D80FFA00DA2CCC /* PhotoListViewController.m */; };
		55771E0C18E94AAC008866F0 /* Photographer.m in Sources */ = {isa = PBXBuildFile; fileRef = 55771E0B18E94AAC008866F0 /* Photographer.m */; };
		55771E0F18E94AAC008866F0 /* Region.m in Sources */ = {isa = PBXBuildFile; fileRef = 55771E0E18E94AAC008866F0 /* Region.m */; };
		55771E1218E94AAC008866F0 /* Photo.m in Sources */ = {isa = PBXBuildFile; fileRef = 55771E1118E94AAC008866F0 /* Photo.m */; };
		55771E1518E96DE3008866F0 /* XXManagedDocument.m in Sources */ = {isa = PBXBuildFile; fileRef = 55771E1418E96DE3008866F0 /* XXManagedDocument.m */; };
		557761AA18E555620038B1BA /* FlickrDBManager.m in Sources */ = {isa = PBXBuildFile; fileRef = 557761A918E555620038B1BA /* FlickrDBManager.m */; };
		557761AD18E55DE20038B1BA /* Flickr.xcdatamodeld in Sources */ = {isa = PBXBuildFile; fileRef = 557761AB18E55DE20038B1BA /* Flickr.xcdatamodeld */; };
		557761CB18E56D340038B1BA /* Photo+Flickr.m in Sources */ = {isa = PBXBuildFile; fileRef = 557761CA18E56D340038B1BA /* Photo+Flickr.m */; };
		557761CE18E56ED40038B1BA /* Photographer+Flickr.m in Sources */ = {isa = PBXBuildFile; fileRef = 557761CD18E56ED40038B1BA /* Photographer+Flickr.m */; };
		557761D118E56F7A0038B1BA /* Region+Flickr.m in Sources */ = {isa = PBXBuildFile; fileRef = 557761D018E56F7A0038B1BA /* Region+Flickr.m */; };
		557761E418E5815A0038B1BA /* CoreDataTableViewController.m in Sources */ = {isa = PBXBuildFile; fileRef = 557761E318E5815A0038B1BA /* CoreDataTableViewController.m */; };
		557761E718E586190038B1BA /* FlickrFetchManager.m in Sources */ = {isa = PBXBuildFile; fileRef = 557761E618E586190038B1BA /* FlickrFetchManager.m */; };
		558DEE0E18E3D75C00F913BF /* MenuViewController.m in Sources */ = {isa = PBXBuildFile; fileRef = 558DEE0D18E3D75C00F913BF /* MenuViewController.m */; };
		559C4B4118E0421E00EDE738 /* PlacePhotosViewController.m in Sources */ = {isa = PBXBuildFile; fileRef = 559C4B4018E0421E00EDE738 /* PlacePhotosViewController.m */; };
		60003CFC18E0862C00B9B8BF /* PhotoViewController.m in Sources */ = {isa = PBXBuildFile; fileRef = 60003CFB18E0862C00B9B8BF /* PhotoViewController.m */; };
/* End PBXBuildFile section */

/* Begin PBXContainerItemProxy section */
		5535DFE018D7E01400DA2CCC /* PBXContainerItemProxy */ = {
			isa = PBXContainerItemProxy;
			containerPortal = 5535DFB218D7E01400DA2CCC /* Project object */;
			proxyType = 1;
			remoteGlobalIDString = 5535DFB918D7E01400DA2CCC;
			remoteInfo = "Top Places";
		};
/* End PBXContainerItemProxy section */

/* Begin PBXFileReference section */
		5535DFBA18D7E01400DA2CCC /* Top Places.app */ = {isa = PBXFileReference; explicitFileType = wrapper.application; includeInIndex = 0; path = "Top Places.app"; sourceTree = BUILT_PRODUCTS_DIR; };
		5535DFBD18D7E01400DA2CCC /* Foundation.framework */ = {isa = PBXFileReference; lastKnownFileType = wrapper.framework; name = Foundation.framework; path = System/Library/Frameworks/Foundation.framework; sourceTree = SDKROOT; };
		5535DFBF18D7E01400DA2CCC /* CoreGraphics.framework */ = {isa = PBXFileReference; lastKnownFileType = wrapper.framework; name = CoreGraphics.framework; path = System/Library/Frameworks/CoreGraphics.framework; sourceTree = SDKROOT; };
		5535DFC118D7E01400DA2CCC /* UIKit.framework */ = {isa = PBXFileReference; lastKnownFileType = wrapper.framework; name = UIKit.framework; path = System/Library/Frameworks/UIKit.framework; sourceTree = SDKROOT; };
		5535DFC318D7E01400DA2CCC /* CoreData.framework */ = {isa = PBXFileReference; lastKnownFileType = wrapper.framework; name = CoreData.framework; path = System/Library/Frameworks/CoreData.framework; sourceTree = SDKROOT; };
		5535DFC718D7E01400DA2CCC /* Top Places-Info.plist */ = {isa = PBXFileReference; lastKnownFileType = text.plist.xml; path = "Top Places-Info.plist"; sourceTree = "<group>"; };
		5535DFC918D7E01400DA2CCC /* en */ = {isa = PBXFileReference; lastKnownFileType = text.plist.strings; name = en; path = en.lproj/InfoPlist.strings; sourceTree = "<group>"; };
		5535DFCB18D7E01400DA2CCC /* main.m */ = {isa = PBXFileReference; lastKnownFileType = sourcecode.c.objc; path = main.m; sourceTree = "<group>"; };
		5535DFCD18D7E01400DA2CCC /* Top Places-Prefix.pch */ = {isa = PBXFileReference; lastKnownFileType = sourcecode.c.h; path = "Top Places-Prefix.pch"; sourceTree = "<group>"; };
		5535DFCE18D7E01400DA2CCC /* AppDelegate.h */ = {isa = PBXFileReference; lastKnownFileType = sourcecode.c.h; path = AppDelegate.h; sourceTree = "<group>"; };
		5535DFCF18D7E01400DA2CCC /* AppDelegate.m */ = {isa = PBXFileReference; lastKnownFileType = sourcecode.c.objc; path = AppDelegate.m; sourceTree = "<group>"; };
		5535DFD418D7E01400DA2CCC /* Images.xcassets */ = {isa = PBXFileReference; lastKnownFileType = folder.assetcatalog; path = Images.xcassets; sourceTree = "<group>"; };
		5535DFDA18D7E01400DA2CCC /* Top PlacesTests.xctest */ = {isa = PBXFileReference; explicitFileType = wrapper.cfbundle; includeInIndex = 0; path = "Top PlacesTests.xctest"; sourceTree = BUILT_PRODUCTS_DIR; };
		5535DFDB18D7E01400DA2CCC /* XCTest.framework */ = {isa = PBXFileReference; lastKnownFileType = wrapper.framework; name = XCTest.framework; path = Library/Frameworks/XCTest.framework; sourceTree = DEVELOPER_DIR; };
		5535DFE418D7E01400DA2CCC /* Top PlacesTests-Info.plist */ = {isa = PBXFileReference; lastKnownFileType = text.plist.xml; path = "Top PlacesTests-Info.plist"; sourceTree = "<group>"; };
		5535DFE618D7E01400DA2CCC /* en */ = {isa = PBXFileReference; lastKnownFileType = text.plist.strings; name = en; path = en.lproj/InfoPlist.strings; sourceTree = "<group>"; };
		5535DFE818D7E01400DA2CCC /* Top_PlacesTests.m */ = {isa = PBXFileReference; lastKnownFileType = sourcecode.c.objc; path = Top_PlacesTests.m; sourceTree = "<group>"; };
		5535DFF718D7E10200DA2CCC /* FlickrAPIKey.h */ = {isa = PBXFileReference; fileEncoding = 4; lastKnownFileType = sourcecode.c.h; path = FlickrAPIKey.h; sourceTree = "<group>"; };
		5535DFF818D7E10200DA2CCC /* FlickrFetcher.h */ = {isa = PBXFileReference; fileEncoding = 4; lastKnownFileType = sourcecode.c.h; path = FlickrFetcher.h; sourceTree = "<group>"; };
		5535DFF918D7E10200DA2CCC /* FlickrFetcher.m */ = {isa = PBXFileReference; fileEncoding = 4; lastKnownFileType = sourcecode.c.objc; path = FlickrFetcher.m; sourceTree = "<group>"; };
		5535DFFB18D7EC5C00DA2CCC /* main.storyboard */ = {isa = PBXFileReference; fileEncoding = 4; lastKnownFileType = file.storyboard; path = main.storyboard; sourceTree = "<group>"; };
		5535DFFD18D7EC6B00DA2CCC /* main_ipad.storyboard */ = {isa = PBXFileReference; fileEncoding = 4; lastKnownFileType = file.storyboard; path = main_ipad.storyboard; sourceTree = "<group>"; };
		5535DFFF18D7ECE800DA2CCC /* TopPlacesViewController.h */ = {isa = PBXFileReference; fileEncoding = 4; lastKnownFileType = sourcecode.c.h; path = TopPlacesViewController.h; sourceTree = "<group>"; };
		5535E00018D7ECE800DA2CCC /* TopPlacesViewController.m */ = {isa = PBXFileReference; fileEncoding = 4; lastKnownFileType = sourcecode.c.objc; path = TopPlacesViewController.m; sourceTree = "<group>"; };
		5535E00218D7ED1500DA2CCC /* MostRecentViewController.h */ = {isa = PBXFileReference; fileEncoding = 4; lastKnownFileType = sourcecode.c.h; path = MostRecentViewController.h; sourceTree = "<group>"; };
		5535E00318D7ED1500DA2CCC /* MostRecentViewController.m */ = {isa = PBXFileReference; fileEncoding = 4; lastKnownFileType = sourcecode.c.objc; path = MostRecentViewController.m; sourceTree = "<group>"; };
		5535E00518D7F0C300DA2CCC /* Constants.h */ = {isa = PBXFileReference; fileEncoding = 4; lastKnownFileType = sourcecode.c.h; path = Constants.h; sourceTree = "<group>"; };
		5535E01118D80FFA00DA2CCC /* PhotoListViewController.h */ = {isa = PBXFileReference; fileEncoding = 4; lastKnownFileType = sourcecode.c.h; path = PhotoListViewController.h; sourceTree = "<group>"; };
		5535E01218D80FFA00DA2CCC /* PhotoListViewController.m */ = {isa = PBXFileReference; fileEncoding = 4; lastKnownFileType = sourcecode.c.objc; path = PhotoListViewController.m; sourceTree = "<group>"; };
		55771E0A18E94AAC008866F0 /* Photographer.h */ = {isa = PBXFileReference; fileEncoding = 4; lastKnownFileType = sourcecode.c.h; path = Photographer.h; sourceTree = "<group>"; };
		55771E0B18E94AAC008866F0 /* Photographer.m */ = {isa = PBXFileReference; fileEncoding = 4; lastKnownFileType = sourcecode.c.objc; path = Photographer.m; sourceTree = "<group>"; };
		55771E0D18E94AAC008866F0 /* Region.h */ = {isa = PBXFileReference; fileEncoding = 4; lastKnownFileType = sourcecode.c.h; path = Region.h; sourceTree = "<group>"; };
		55771E0E18E94AAC008866F0 /* Region.m */ = {isa = PBXFileReference; fileEncoding = 4; lastKnownFileType = sourcecode.c.objc; path = Region.m; sourceTree = "<group>"; };
		55771E1018E94AAC008866F0 /* Photo.h */ = {isa = PBXFileReference; fileEncoding = 4; lastKnownFileType = sourcecode.c.h; path = Photo.h; sourceTree = "<group>"; };
		55771E1118E94AAC008866F0 /* Photo.m */ = {isa = PBXFileReference; fileEncoding = 4; lastKnownFileType = sourcecode.c.objc; path = Photo.m; sourceTree = "<group>"; };
		55771E1318E96DE3008866F0 /* XXManagedDocument.h */ = {isa = PBXFileReference; fileEncoding = 4; lastKnownFileType = sourcecode.c.h; path = XXManagedDocument.h; sourceTree = "<group>"; };
		55771E1418E96DE3008866F0 /* XXManagedDocument.m */ = {isa = PBXFileReference; fileEncoding = 4; lastKnownFileType = sourcecode.c.objc; path = XXManagedDocument.m; sourceTree = "<group>"; };
		557761A818E555620038B1BA /* FlickrDBManager.h */ = {isa = PBXFileReference; fileEncoding = 4; lastKnownFileType = sourcecode.c.h; name = FlickrDBManager.h; path = Model/FlickrDBManager.h; sourceTree = "<group>"; };
		557761A918E555620038B1BA /* FlickrDBManager.m */ = {isa = PBXFileReference; fileEncoding = 4; lastKnownFileType = sourcecode.c.objc; name = FlickrDBManager.m; path = Model/FlickrDBManager.m; sourceTree = "<group>"; };
		557761AC18E55DE20038B1BA /* Flickr.xcdatamodel */ = {isa = PBXFileReference; lastKnownFileType = wrapper.xcdatamodel; path = Flickr.xcdatamodel; sourceTree = "<group>"; };
		557761C918E56D340038B1BA /* Photo+Flickr.h */ = {isa = PBXFileReference; fileEncoding = 4; lastKnownFileType = sourcecode.c.h; path = "Photo+Flickr.h"; sourceTree = "<group>"; };
		557761CA18E56D340038B1BA /* Photo+Flickr.m */ = {isa = PBXFileReference; fileEncoding = 4; lastKnownFileType = sourcecode.c.objc; path = "Photo+Flickr.m"; sourceTree = "<group>"; };
		557761CC18E56ED40038B1BA /* Photographer+Flickr.h */ = {isa = PBXFileReference; fileEncoding = 4; lastKnownFileType = sourcecode.c.h; path = "Photographer+Flickr.h"; sourceTree = "<group>"; };
		557761CD18E56ED40038B1BA /* Photographer+Flickr.m */ = {isa = PBXFileReference; fileEncoding = 4; lastKnownFileType = sourcecode.c.objc; path = "Photographer+Flickr.m"; sourceTree = "<group>"; };
		557761CF18E56F7A0038B1BA /* Region+Flickr.h */ = {isa = PBXFileReference; fileEncoding = 4; lastKnownFileType = sourcecode.c.h; path = "Region+Flickr.h"; sourceTree = "<group>"; };
		557761D018E56F7A0038B1BA /* Region+Flickr.m */ = {isa = PBXFileReference; fileEncoding = 4; lastKnownFileType = sourcecode.c.objc; path = "Region+Flickr.m"; sourceTree = "<group>"; };
		557761E218E5815A0038B1BA /* CoreDataTableViewController.h */ = {isa = PBXFileReference; fileEncoding = 4; lastKnownFileType = sourcecode.c.h; path = CoreDataTableViewController.h; sourceTree = "<group>"; };
		557761E318E5815A0038B1BA /* CoreDataTableViewController.m */ = {isa = PBXFileReference; fileEncoding = 4; lastKnownFileType = sourcecode.c.objc; path = CoreDataTableViewController.m; sourceTree = "<group>"; };
		557761E518E586190038B1BA /* FlickrFetchManager.h */ = {isa = PBXFileReference; fileEncoding = 4; lastKnownFileType = sourcecode.c.h; name = FlickrFetchManager.h; path = Model/FlickrFetchManager.h; sourceTree = "<group>"; };
		557761E618E586190038B1BA /* FlickrFetchManager.m */ = {isa = PBXFileReference; fileEncoding = 4; lastKnownFileType = sourcecode.c.objc; name = FlickrFetchManager.m; path = Model/FlickrFetchManager.m; sourceTree = "<group>"; };
		558DEE0C18E3D75C00F913BF /* MenuViewController.h */ = {isa = PBXFileReference; fileEncoding = 4; lastKnownFileType = sourcecode.c.h; path = MenuViewController.h; sourceTree = "<group>"; };
		558DEE0D18E3D75C00F913BF /* MenuViewController.m */ = {isa = PBXFileReference; fileEncoding = 4; lastKnownFileType = sourcecode.c.objc; path = MenuViewController.m; sourceTree = "<group>"; };
		559C4B3F18E0421E00EDE738 /* PlacePhotosViewController.h */ = {isa = PBXFileReference; fileEncoding = 4; lastKnownFileType = sourcecode.c.h; path = PlacePhotosViewController.h; sourceTree = "<group>"; };
		559C4B4018E0421E00EDE738 /* PlacePhotosViewController.m */ = {isa = PBXFileReference; fileEncoding = 4; lastKnownFileType = sourcecode.c.objc; path = PlacePhotosViewController.m; sourceTree = "<group>"; };
		60003CFA18E0862C00B9B8BF /* PhotoViewController.h */ = {isa = PBXFileReference; fileEncoding = 4; lastKnownFileType = sourcecode.c.h; path = PhotoViewController.h; sourceTree = "<group>"; };
		60003CFB18E0862C00B9B8BF /* PhotoViewController.m */ = {isa = PBXFileReference; fileEncoding = 4; lastKnownFileType = sourcecode.c.objc; path = PhotoViewController.m; sourceTree = "<group>"; };
/* End PBXFileReference section */

/* Begin PBXFrameworksBuildPhase section */
		5535DFB718D7E01400DA2CCC /* Frameworks */ = {
			isa = PBXFrameworksBuildPhase;
			buildActionMask = 2147483647;
			files = (
				5535DFC018D7E01400DA2CCC /* CoreGraphics.framework in Frameworks */,
				5535DFC418D7E01400DA2CCC /* CoreData.framework in Frameworks */,
				5535DFC218D7E01400DA2CCC /* UIKit.framework in Frameworks */,
				5535DFBE18D7E01400DA2CCC /* Foundation.framework in Frameworks */,
			);
			runOnlyForDeploymentPostprocessing = 0;
		};
		5535DFD718D7E01400DA2CCC /* Frameworks */ = {
			isa = PBXFrameworksBuildPhase;
			buildActionMask = 2147483647;
			files = (
				5535DFDC18D7E01400DA2CCC /* XCTest.framework in Frameworks */,
				5535DFDF18D7E01400DA2CCC /* CoreData.framework in Frameworks */,
				5535DFDE18D7E01400DA2CCC /* UIKit.framework in Frameworks */,
				5535DFDD18D7E01400DA2CCC /* Foundation.framework in Frameworks */,
			);
			runOnlyForDeploymentPostprocessing = 0;
		};
/* End PBXFrameworksBuildPhase section */

/* Begin PBXGroup section */
		5535DFB118D7E01400DA2CCC = {
			isa = PBXGroup;
			children = (
				5535DFF518D7E0FA00DA2CCC /* 3rd Party */,
				5535DFC518D7E01400DA2CCC /* Top Places */,
				5535DFE218D7E01400DA2CCC /* Top PlacesTests */,
				5535DFBC18D7E01400DA2CCC /* Frameworks */,
				5535DFBB18D7E01400DA2CCC /* Products */,
			);
			sourceTree = "<group>";
		};
		5535DFBB18D7E01400DA2CCC /* Products */ = {
			isa = PBXGroup;
			children = (
				5535DFBA18D7E01400DA2CCC /* Top Places.app */,
				5535DFDA18D7E01400DA2CCC /* Top PlacesTests.xctest */,
			);
			name = Products;
			sourceTree = "<group>";
		};
		5535DFBC18D7E01400DA2CCC /* Frameworks */ = {
			isa = PBXGroup;
			children = (
				5535DFBD18D7E01400DA2CCC /* Foundation.framework */,
				5535DFBF18D7E01400DA2CCC /* CoreGraphics.framework */,
				5535DFC118D7E01400DA2CCC /* UIKit.framework */,
				5535DFC318D7E01400DA2CCC /* CoreData.framework */,
				5535DFDB18D7E01400DA2CCC /* XCTest.framework */,
			);
			name = Frameworks;
			sourceTree = "<group>";
		};
		5535DFC518D7E01400DA2CCC /* Top Places */ = {
			isa = PBXGroup;
			children = (
				5535E00518D7F0C300DA2CCC /* Constants.h */,
				5535DFCE18D7E01400DA2CCC /* AppDelegate.h */,
				5535DFCF18D7E01400DA2CCC /* AppDelegate.m */,
				557761A818E555620038B1BA /* FlickrDBManager.h */,
				557761A918E555620038B1BA /* FlickrDBManager.m */,
				557761E518E586190038B1BA /* FlickrFetchManager.h */,
				557761E618E586190038B1BA /* FlickrFetchManager.m */,
				5535DFF218D7E0EC00DA2CCC /* Controller */,
				5535DFF318D7E0EC00DA2CCC /* Model */,
				5535DFF418D7E0EC00DA2CCC /* View */,
				5535DFD418D7E01400DA2CCC /* Images.xcassets */,
				5535DFC618D7E01400DA2CCC /* Supporting Files */,
			);
			path = "Top Places";
			sourceTree = "<group>";
		};
		5535DFC618D7E01400DA2CCC /* Supporting Files */ = {
			isa = PBXGroup;
			children = (
				5535DFC718D7E01400DA2CCC /* Top Places-Info.plist */,
				5535DFC818D7E01400DA2CCC /* InfoPlist.strings */,
				5535DFCB18D7E01400DA2CCC /* main.m */,
				5535DFCD18D7E01400DA2CCC /* Top Places-Prefix.pch */,
			);
			name = "Supporting Files";
			sourceTree = "<group>";
		};
		5535DFE218D7E01400DA2CCC /* Top PlacesTests */ = {
			isa = PBXGroup;
			children = (
				5535DFE818D7E01400DA2CCC /* Top_PlacesTests.m */,
				5535DFE318D7E01400DA2CCC /* Supporting Files */,
			);
			path = "Top PlacesTests";
			sourceTree = "<group>";
		};
		5535DFE318D7E01400DA2CCC /* Supporting Files */ = {
			isa = PBXGroup;
			children = (
				5535DFE418D7E01400DA2CCC /* Top PlacesTests-Info.plist */,
				5535DFE518D7E01400DA2CCC /* InfoPlist.strings */,
			);
			name = "Supporting Files";
			sourceTree = "<group>";
		};
		5535DFF218D7E0EC00DA2CCC /* Controller */ = {
			isa = PBXGroup;
			children = (
				5535E01118D80FFA00DA2CCC /* PhotoListViewController.h */,
				5535E01218D80FFA00DA2CCC /* PhotoListViewController.m */,
				559C4B3F18E0421E00EDE738 /* PlacePhotosViewController.h */,
				559C4B4018E0421E00EDE738 /* PlacePhotosViewController.m */,
				5535DFFF18D7ECE800DA2CCC /* TopPlacesViewController.h */,
				5535E00018D7ECE800DA2CCC /* TopPlacesViewController.m */,
				5535E00218D7ED1500DA2CCC /* MostRecentViewController.h */,
				5535E00318D7ED1500DA2CCC /* MostRecentViewController.m */,
				60003CFA18E0862C00B9B8BF /* PhotoViewController.h */,
				60003CFB18E0862C00B9B8BF /* PhotoViewController.m */,
				558DEE0C18E3D75C00F913BF /* MenuViewController.h */,
				558DEE0D18E3D75C00F913BF /* MenuViewController.m */,
			);
			path = Controller;
			sourceTree = "<group>";
		};
		5535DFF318D7E0EC00DA2CCC /* Model */ = {
			isa = PBXGroup;
			children = (
				557761C918E56D340038B1BA /* Photo+Flickr.h */,
				557761CA18E56D340038B1BA /* Photo+Flickr.m */,
				557761CC18E56ED40038B1BA /* Photographer+Flickr.h */,
				557761CD18E56ED40038B1BA /* Photographer+Flickr.m */,
				557761CF18E56F7A0038B1BA /* Region+Flickr.h */,
				557761D018E56F7A0038B1BA /* Region+Flickr.m */,
				557761AB18E55DE20038B1BA /* Flickr.xcdatamodeld */,
				55771E0A18E94AAC008866F0 /* Photographer.h */,
				55771E0B18E94AAC008866F0 /* Photographer.m */,
				55771E0D18E94AAC008866F0 /* Region.h */,
				55771E0E18E94AAC008866F0 /* Region.m */,
				55771E1018E94AAC008866F0 /* Photo.h */,
				55771E1118E94AAC008866F0 /* Photo.m */,
			);
			path = Model;
			sourceTree = "<group>";
		};
		5535DFF418D7E0EC00DA2CCC /* View */ = {
			isa = PBXGroup;
			children = (
				5535DFFB18D7EC5C00DA2CCC /* main.storyboard */,
				5535DFFD18D7EC6B00DA2CCC /* main_ipad.storyboard */,
			);
			path = View;
			sourceTree = "<group>";
		};
		5535DFF518D7E0FA00DA2CCC /* 3rd Party */ = {
			isa = PBXGroup;
			children = (
				55771E1318E96DE3008866F0 /* XXManagedDocument.h */,
				55771E1418E96DE3008866F0 /* XXManagedDocument.m */,
				557761E118E5815A0038B1BA /* CoreDataTableViewController */,
				5535DFF618D7E10200DA2CCC /* Flickr Fetcher */,
			);
			path = "3rd Party";
			sourceTree = "<group>";
		};
		5535DFF618D7E10200DA2CCC /* Flickr Fetcher */ = {
			isa = PBXGroup;
			children = (
				5535DFF718D7E10200DA2CCC /* FlickrAPIKey.h */,
				5535DFF818D7E10200DA2CCC /* FlickrFetcher.h */,
				5535DFF918D7E10200DA2CCC /* FlickrFetcher.m */,
			);
			path = "Flickr Fetcher";
			sourceTree = "<group>";
		};
		557761E118E5815A0038B1BA /* CoreDataTableViewController */ = {
			isa = PBXGroup;
			children = (
				557761E218E5815A0038B1BA /* CoreDataTableViewController.h */,
				557761E318E5815A0038B1BA /* CoreDataTableViewController.m */,
			);
			path = CoreDataTableViewController;
			sourceTree = "<group>";
		};
/* End PBXGroup section */

/* Begin PBXNativeTarget section */
		5535DFB918D7E01400DA2CCC /* Top Places */ = {
			isa = PBXNativeTarget;
			buildConfigurationList = 5535DFEC18D7E01400DA2CCC /* Build configuration list for PBXNativeTarget "Top Places" */;
			buildPhases = (
				5535DFB618D7E01400DA2CCC /* Sources */,
				5535DFB718D7E01400DA2CCC /* Frameworks */,
				5535DFB818D7E01400DA2CCC /* Resources */,
			);
			buildRules = (
			);
			dependencies = (
			);
			name = "Top Places";
			productName = "Top Places";
			productReference = 5535DFBA18D7E01400DA2CCC /* Top Places.app */;
			productType = "com.apple.product-type.application";
		};
		5535DFD918D7E01400DA2CCC /* Top PlacesTests */ = {
			isa = PBXNativeTarget;
			buildConfigurationList = 5535DFEF18D7E01400DA2CCC /* Build configuration list for PBXNativeTarget "Top PlacesTests" */;
			buildPhases = (
				5535DFD618D7E01400DA2CCC /* Sources */,
				5535DFD718D7E01400DA2CCC /* Frameworks */,
				5535DFD818D7E01400DA2CCC /* Resources */,
			);
			buildRules = (
			);
			dependencies = (
				5535DFE118D7E01400DA2CCC /* PBXTargetDependency */,
			);
			name = "Top PlacesTests";
			productName = "Top PlacesTests";
			productReference = 5535DFDA18D7E01400DA2CCC /* Top PlacesTests.xctest */;
			productType = "com.apple.product-type.bundle.unit-test";
		};
/* End PBXNativeTarget section */

/* Begin PBXProject section */
		5535DFB218D7E01400DA2CCC /* Project object */ = {
			isa = PBXProject;
			attributes = {
				LastUpgradeCheck = 0500;
				ORGANIZATIONNAME = acicartagena;
				TargetAttributes = {
					5535DFB918D7E01400DA2CCC = {
						SystemCapabilities = {
							com.apple.BackgroundModes = {
								enabled = 1;
							};
						};
					};
					5535DFD918D7E01400DA2CCC = {
						TestTargetID = 5535DFB918D7E01400DA2CCC;
					};
				};
			};
			buildConfigurationList = 5535DFB518D7E01400DA2CCC /* Build configuration list for PBXProject "Top Places" */;
			compatibilityVersion = "Xcode 3.2";
			developmentRegion = English;
			hasScannedForEncodings = 0;
			knownRegions = (
				en,
			);
			mainGroup = 5535DFB118D7E01400DA2CCC;
			productRefGroup = 5535DFBB18D7E01400DA2CCC /* Products */;
			projectDirPath = "";
			projectRoot = "";
			targets = (
				5535DFB918D7E01400DA2CCC /* Top Places */,
				5535DFD918D7E01400DA2CCC /* Top PlacesTests */,
			);
		};
/* End PBXProject section */

/* Begin PBXResourcesBuildPhase section */
		5535DFB818D7E01400DA2CCC /* Resources */ = {
			isa = PBXResourcesBuildPhase;
			buildActionMask = 2147483647;
			files = (
				5535DFCA18D7E01400DA2CCC /* InfoPlist.strings in Resources */,
				5535DFFE18D7EC6B00DA2CCC /* main_ipad.storyboard in Resources */,
				5535DFFC18D7EC5C00DA2CCC /* main.storyboard in Resources */,
				5535DFD518D7E01400DA2CCC /* Images.xcassets in Resources */,
			);
			runOnlyForDeploymentPostprocessing = 0;
		};
		5535DFD818D7E01400DA2CCC /* Resources */ = {
			isa = PBXResourcesBuildPhase;
			buildActionMask = 2147483647;
			files = (
				5535DFE718D7E01400DA2CCC /* InfoPlist.strings in Resources */,
			);
			runOnlyForDeploymentPostprocessing = 0;
		};
/* End PBXResourcesBuildPhase section */

/* Begin PBXSourcesBuildPhase section */
		5535DFB618D7E01400DA2CCC /* Sources */ = {
			isa = PBXSourcesBuildPhase;
			buildActionMask = 2147483647;
			files = (
				5535E00418D7ED1500DA2CCC /* MostRecentViewController.m in Sources */,
				55771E0C18E94AAC008866F0 /* Photographer.m in Sources */,
				55771E0F18E94AAC008866F0 /* Region.m in Sources */,
				55771E1218E94AAC008866F0 /* Photo.m in Sources */,
				557761E418E5815A0038B1BA /* CoreDataTableViewController.m in Sources */,
				557761CB18E56D340038B1BA /* Photo+Flickr.m in Sources */,
				55771E1518E96DE3008866F0 /* XXManagedDocument.m in Sources */,
				5535DFD018D7E01400DA2CCC /* AppDelegate.m in Sources */,
				5535E01318D80FFA00DA2CCC /* PhotoListViewController.m in Sources */,
				557761E718E586190038B1BA /* FlickrFetchManager.m in Sources */,
				5535DFFA18D7E10200DA2CCC /* FlickrFetcher.m in Sources */,
				5535DFCC18D7E01400DA2CCC /* main.m in Sources */,
				557761CE18E56ED40038B1BA /* Photographer+Flickr.m in Sources */,
				557761AD18E55DE20038B1BA /* Flickr.xcdatamodeld in Sources */,
				558DEE0E18E3D75C00F913BF /* MenuViewController.m in Sources */,
				557761AA18E555620038B1BA /* FlickrDBManager.m in Sources */,
				557761D118E56F7A0038B1BA /* Region+Flickr.m in Sources */,
				559C4B4118E0421E00EDE738 /* PlacePhotosViewController.m in Sources */,
				60003CFC18E0862C00B9B8BF /* PhotoViewController.m in Sources */,
				5535E00118D7ECE800DA2CCC /* TopPlacesViewController.m in Sources */,
			);
			runOnlyForDeploymentPostprocessing = 0;
		};
		5535DFD618D7E01400DA2CCC /* Sources */ = {
			isa = PBXSourcesBuildPhase;
			buildActionMask = 2147483647;
			files = (
				5535DFE918D7E01400DA2CCC /* Top_PlacesTests.m in Sources */,
			);
			runOnlyForDeploymentPostprocessing = 0;
		};
/* End PBXSourcesBuildPhase section */

/* Begin PBXTargetDependency section */
		5535DFE118D7E01400DA2CCC /* PBXTargetDependency */ = {
			isa = PBXTargetDependency;
			target = 5535DFB918D7E01400DA2CCC /* Top Places */;
			targetProxy = 5535DFE018D7E01400DA2CCC /* PBXContainerItemProxy */;
		};
/* End PBXTargetDependency section */

/* Begin PBXVariantGroup section */
		5535DFC818D7E01400DA2CCC /* InfoPlist.strings */ = {
			isa = PBXVariantGroup;
			children = (
				5535DFC918D7E01400DA2CCC /* en */,
			);
			name = InfoPlist.strings;
			sourceTree = "<group>";
		};
		5535DFE518D7E01400DA2CCC /* InfoPlist.strings */ = {
			isa = PBXVariantGroup;
			children = (
				5535DFE618D7E01400DA2CCC /* en */,
			);
			name = InfoPlist.strings;
			sourceTree = "<group>";
		};
/* End PBXVariantGroup section */

/* Begin XCBuildConfiguration section */
		5535DFEA18D7E01400DA2CCC /* Debug */ = {
			isa = XCBuildConfiguration;
			buildSettings = {
				ALWAYS_SEARCH_USER_PATHS = NO;
				ARCHS = "$(ARCHS_STANDARD_INCLUDING_64_BIT)";
				CLANG_CXX_LANGUAGE_STANDARD = "gnu++0x";
				CLANG_CXX_LIBRARY = "libc++";
				CLANG_ENABLE_MODULES = YES;
				CLANG_ENABLE_OBJC_ARC = YES;
				CLANG_WARN_BOOL_CONVERSION = YES;
				CLANG_WARN_CONSTANT_CONVERSION = YES;
				CLANG_WARN_DIRECT_OBJC_ISA_USAGE = YES_ERROR;
				CLANG_WARN_EMPTY_BODY = YES;
				CLANG_WARN_ENUM_CONVERSION = YES;
				CLANG_WARN_INT_CONVERSION = YES;
				CLANG_WARN_OBJC_ROOT_CLASS = YES_ERROR;
				CLANG_WARN__DUPLICATE_METHOD_MATCH = YES;
				"CODE_SIGN_IDENTITY[sdk=iphoneos*]" = "iPhone Developer";
				COPY_PHASE_STRIP = NO;
				GCC_C_LANGUAGE_STANDARD = gnu99;
				GCC_DYNAMIC_NO_PIC = NO;
				GCC_OPTIMIZATION_LEVEL = 0;
				GCC_PREPROCESSOR_DEFINITIONS = (
					"DEBUG=1",
					"$(inherited)",
				);
				GCC_SYMBOLS_PRIVATE_EXTERN = NO;
				GCC_WARN_64_TO_32_BIT_CONVERSION = YES;
				GCC_WARN_ABOUT_RETURN_TYPE = YES_ERROR;
				GCC_WARN_UNDECLARED_SELECTOR = YES;
				GCC_WARN_UNINITIALIZED_AUTOS = YES;
				GCC_WARN_UNUSED_FUNCTION = YES;
				GCC_WARN_UNUSED_VARIABLE = YES;
				IPHONEOS_DEPLOYMENT_TARGET = 7.0;
				ONLY_ACTIVE_ARCH = YES;
				SDKROOT = iphoneos;
				TARGETED_DEVICE_FAMILY = "1,2";
			};
			name = Debug;
		};
		5535DFEB18D7E01400DA2CCC /* Release */ = {
			isa = XCBuildConfiguration;
			buildSettings = {
				ALWAYS_SEARCH_USER_PATHS = NO;
				ARCHS = "$(ARCHS_STANDARD_INCLUDING_64_BIT)";
				CLANG_CXX_LANGUAGE_STANDARD = "gnu++0x";
				CLANG_CXX_LIBRARY = "libc++";
				CLANG_ENABLE_MODULES = YES;
				CLANG_ENABLE_OBJC_ARC = YES;
				CLANG_WARN_BOOL_CONVERSION = YES;
				CLANG_WARN_CONSTANT_CONVERSION = YES;
				CLANG_WARN_DIRECT_OBJC_ISA_USAGE = YES_ERROR;
				CLANG_WARN_EMPTY_BODY = YES;
				CLANG_WARN_ENUM_CONVERSION = YES;
				CLANG_WARN_INT_CONVERSION = YES;
				CLANG_WARN_OBJC_ROOT_CLASS = YES_ERROR;
				CLANG_WARN__DUPLICATE_METHOD_MATCH = YES;
				"CODE_SIGN_IDENTITY[sdk=iphoneos*]" = "iPhone Developer";
				COPY_PHASE_STRIP = YES;
				ENABLE_NS_ASSERTIONS = NO;
				GCC_C_LANGUAGE_STANDARD = gnu99;
				GCC_WARN_64_TO_32_BIT_CONVERSION = YES;
				GCC_WARN_ABOUT_RETURN_TYPE = YES_ERROR;
				GCC_WARN_UNDECLARED_SELECTOR = YES;
				GCC_WARN_UNINITIALIZED_AUTOS = YES;
				GCC_WARN_UNUSED_FUNCTION = YES;
				GCC_WARN_UNUSED_VARIABLE = YES;
				IPHONEOS_DEPLOYMENT_TARGET = 7.0;
				SDKROOT = iphoneos;
				TARGETED_DEVICE_FAMILY = "1,2";
				VALIDATE_PRODUCT = YES;
			};
			name = Release;
		};
		5535DFED18D7E01400DA2CCC /* Debug */ = {
			isa = XCBuildConfiguration;
			buildSettings = {
				ASSETCATALOG_COMPILER_APPICON_NAME = AppIcon;
				ASSETCATALOG_COMPILER_LAUNCHIMAGE_NAME = LaunchImage;
				GCC_PRECOMPILE_PREFIX_HEADER = YES;
				GCC_PREFIX_HEADER = "Top Places/Top Places-Prefix.pch";
				INFOPLIST_FILE = "Top Places/Top Places-Info.plist";
				PRODUCT_NAME = "$(TARGET_NAME)";
				WRAPPER_EXTENSION = app;
			};
			name = Debug;
		};
		5535DFEE18D7E01400DA2CCC /* Release */ = {
			isa = XCBuildConfiguration;
			buildSettings = {
				ASSETCATALOG_COMPILER_APPICON_NAME = AppIcon;
				ASSETCATALOG_COMPILER_LAUNCHIMAGE_NAME = LaunchImage;
				GCC_PRECOMPILE_PREFIX_HEADER = YES;
				GCC_PREFIX_HEADER = "Top Places/Top Places-Prefix.pch";
				INFOPLIST_FILE = "Top Places/Top Places-Info.plist";
				PRODUCT_NAME = "$(TARGET_NAME)";
				WRAPPER_EXTENSION = app;
			};
			name = Release;
		};
		5535DFF018D7E01400DA2CCC /* Debug */ = {
			isa = XCBuildConfiguration;
			buildSettings = {
				ARCHS = "$(ARCHS_STANDARD_INCLUDING_64_BIT)";
				BUNDLE_LOADER = "$(BUILT_PRODUCTS_DIR)/Top Places.app/Top Places";
				FRAMEWORK_SEARCH_PATHS = (
					"$(SDKROOT)/Developer/Library/Frameworks",
					"$(inherited)",
					"$(DEVELOPER_FRAMEWORKS_DIR)",
				);
				GCC_PRECOMPILE_PREFIX_HEADER = YES;
				GCC_PREFIX_HEADER = "Top Places/Top Places-Prefix.pch";
				GCC_PREPROCESSOR_DEFINITIONS = (
					"DEBUG=1",
					"$(inherited)",
				);
				INFOPLIST_FILE = "Top PlacesTests/Top PlacesTests-Info.plist";
				PRODUCT_NAME = "$(TARGET_NAME)";
				TEST_HOST = "$(BUNDLE_LOADER)";
				WRAPPER_EXTENSION = xctest;
			};
			name = Debug;
		};
		5535DFF118D7E01400DA2CCC /* Release */ = {
			isa = XCBuildConfiguration;
			buildSettings = {
				ARCHS = "$(ARCHS_STANDARD_INCLUDING_64_BIT)";
				BUNDLE_LOADER = "$(BUILT_PRODUCTS_DIR)/Top Places.app/Top Places";
				FRAMEWORK_SEARCH_PATHS = (
					"$(SDKROOT)/Developer/Library/Frameworks",
					"$(inherited)",
					"$(DEVELOPER_FRAMEWORKS_DIR)",
				);
				GCC_PRECOMPILE_PREFIX_HEADER = YES;
				GCC_PREFIX_HEADER = "Top Places/Top Places-Prefix.pch";
				INFOPLIST_FILE = "Top PlacesTests/Top PlacesTests-Info.plist";
				PRODUCT_NAME = "$(TARGET_NAME)";
				TEST_HOST = "$(BUNDLE_LOADER)";
				WRAPPER_EXTENSION = xctest;
			};
			name = Release;
		};
/* End XCBuildConfiguration section */

/* Begin XCConfigurationList section */
		5535DFB518D7E01400DA2CCC /* Build configuration list for PBXProject "Top Places" */ = {
			isa = XCConfigurationList;
			buildConfigurations = (
				5535DFEA18D7E01400DA2CCC /* Debug */,
				5535DFEB18D7E01400DA2CCC /* Release */,
			);
			defaultConfigurationIsVisible = 0;
			defaultConfigurationName = Release;
		};
		5535DFEC18D7E01400DA2CCC /* Build configuration list for PBXNativeTarget "Top Places" */ = {
			isa = XCConfigurationList;
			buildConfigurations = (
				5535DFED18D7E01400DA2CCC /* Debug */,
				5535DFEE18D7E01400DA2CCC /* Release */,
			);
			defaultConfigurationIsVisible = 0;
			defaultConfigurationName = Release;
		};
		5535DFEF18D7E01400DA2CCC /* Build configuration list for PBXNativeTarget "Top PlacesTests" */ = {
			isa = XCConfigurationList;
			buildConfigurations = (
				5535DFF018D7E01400DA2CCC /* Debug */,
				5535DFF118D7E01400DA2CCC /* Release */,
			);
			defaultConfigurationIsVisible = 0;
			defaultConfigurationName = Release;
		};
/* End XCConfigurationList section */

/* Begin XCVersionGroup section */
		557761AB18E55DE20038B1BA /* Flickr.xcdatamodeld */ = {
			isa = XCVersionGroup;
			children = (
				557761AC18E55DE20038B1BA /* Flickr.xcdatamodel */,
			);
			currentVersion = 557761AC18E55DE20038B1BA /* Flickr.xcdatamodel */;
			path = Flickr.xcdatamodeld;
			sourceTree = "<group>";
			versionGroupType = wrapper.xcdatamodel;
		};
/* End XCVersionGroup section */
	};
	rootObject = 5535DFB218D7E01400DA2CCC /* Project object */;
}
